// !$*UTF8*$!
{
	archiveVersion = 1;
	classes = {
	};
	objectVersion = 56;
	objects = {

/* Begin PBXBuildFile section */
		061528D22B558BA700833EA1 /* AddUpdateView.swift in Sources */ = {isa = PBXBuildFile; fileRef = 061528D12B558BA700833EA1 /* AddUpdateView.swift */; };
		061528D42B55961700833EA1 /* DateHelper.swift in Sources */ = {isa = PBXBuildFile; fileRef = 061528D32B55961700833EA1 /* DateHelper.swift */; };
		0621BC2E2B56DE80006FF7DB /* EditFocusView.swift in Sources */ = {isa = PBXBuildFile; fileRef = 0621BC2D2B56DE80006FF7DB /* EditFocusView.swift */; };
		065739EE2B4D7B2800E09AD8 /* DBProjectTracker.swift in Sources */ = {isa = PBXBuildFile; fileRef = 065739ED2B4D7B2800E09AD8 /* DBProjectTracker.swift */; };
		065739F02B4D7B2800E09AD8 /* ProjectListView.swift in Sources */ = {isa = PBXBuildFile; fileRef = 065739EF2B4D7B2800E09AD8 /* ProjectListView.swift */; };
		065739F22B4D7B3200E09AD8 /* Assets.xcassets in Resources */ = {isa = PBXBuildFile; fileRef = 065739F12B4D7B3200E09AD8 /* Assets.xcassets */; };
		065739F52B4D7B3200E09AD8 /* Preview Assets.xcassets in Resources */ = {isa = PBXBuildFile; fileRef = 065739F42B4D7B3200E09AD8 /* Preview Assets.xcassets */; };
		065739FD2B4D7B9C00E09AD8 /* Project.swift in Sources */ = {isa = PBXBuildFile; fileRef = 065739FC2B4D7B9C00E09AD8 /* Project.swift */; };
		065739FF2B4D7C0000E09AD8 /* ProjectUpdate.swift in Sources */ = {isa = PBXBuildFile; fileRef = 065739FE2B4D7C0000E09AD8 /* ProjectUpdate.swift */; };
		06573A022B4D7E8A00E09AD8 /* FontHelper.swift in Sources */ = {isa = PBXBuildFile; fileRef = 06573A012B4D7E8A00E09AD8 /* FontHelper.swift */; };
		06573A042B50094B00E09AD8 /* Launch Screen.storyboard in Resources */ = {isa = PBXBuildFile; fileRef = 06573A032B50094B00E09AD8 /* Launch Screen.storyboard */; };
		06573A082B5013E300E09AD8 /* StatBubbleView.swift in Sources */ = {isa = PBXBuildFile; fileRef = 06573A072B5013E300E09AD8 /* StatBubbleView.swift */; };
		06573A0A2B50168500E09AD8 /* ProjectCardView.swift in Sources */ = {isa = PBXBuildFile; fileRef = 06573A092B50168500E09AD8 /* ProjectCardView.swift */; };
		067ACAA32B5151B700C29A5F /* EditProjectView.swift in Sources */ = {isa = PBXBuildFile; fileRef = 067ACAA22B5151B700C29A5F /* EditProjectView.swift */; };
		067ACAA62B51594600C29A5F /* ProjectDetailView.swift in Sources */ = {isa = PBXBuildFile; fileRef = 067ACAA52B51594600C29A5F /* ProjectDetailView.swift */; };
		068B82612B52B597000530EE /* ProjectUpdateView.swift in Sources */ = {isa = PBXBuildFile; fileRef = 068B82602B52B597000530EE /* ProjectUpdateView.swift */; };
/* End PBXBuildFile section */

/* Begin PBXFileReference section */
		061528D12B558BA700833EA1 /* AddUpdateView.swift */ = {isa = PBXFileReference; lastKnownFileType = sourcecode.swift; path = AddUpdateView.swift; sourceTree = "<group>"; };
		061528D32B55961700833EA1 /* DateHelper.swift */ = {isa = PBXFileReference; lastKnownFileType = sourcecode.swift; path = DateHelper.swift; sourceTree = "<group>"; };
		0621BC2D2B56DE80006FF7DB /* EditFocusView.swift */ = {isa = PBXFileReference; lastKnownFileType = sourcecode.swift; path = EditFocusView.swift; sourceTree = "<group>"; };
		065739EA2B4D7B2800E09AD8 /* db-project-tracker.app */ = {isa = PBXFileReference; explicitFileType = wrapper.application; includeInIndex = 0; path = "db-project-tracker.app"; sourceTree = BUILT_PRODUCTS_DIR; };
		065739ED2B4D7B2800E09AD8 /* DBProjectTracker.swift */ = {isa = PBXFileReference; lastKnownFileType = sourcecode.swift; path = DBProjectTracker.swift; sourceTree = "<group>"; };
		065739EF2B4D7B2800E09AD8 /* ProjectListView.swift */ = {isa = PBXFileReference; lastKnownFileType = sourcecode.swift; path = ProjectListView.swift; sourceTree = "<group>"; };
		065739F12B4D7B3200E09AD8 /* Assets.xcassets */ = {isa = PBXFileReference; lastKnownFileType = folder.assetcatalog; path = Assets.xcassets; sourceTree = "<group>"; };
		065739F42B4D7B3200E09AD8 /* Preview Assets.xcassets */ = {isa = PBXFileReference; lastKnownFileType = folder.assetcatalog; path = "Preview Assets.xcassets"; sourceTree = "<group>"; };
		065739FC2B4D7B9C00E09AD8 /* Project.swift */ = {isa = PBXFileReference; lastKnownFileType = sourcecode.swift; path = Project.swift; sourceTree = "<group>"; };
		065739FE2B4D7C0000E09AD8 /* ProjectUpdate.swift */ = {isa = PBXFileReference; lastKnownFileType = sourcecode.swift; path = ProjectUpdate.swift; sourceTree = "<group>"; };
		06573A012B4D7E8A00E09AD8 /* FontHelper.swift */ = {isa = PBXFileReference; lastKnownFileType = sourcecode.swift; path = FontHelper.swift; sourceTree = "<group>"; };
		06573A032B50094B00E09AD8 /* Launch Screen.storyboard */ = {isa = PBXFileReference; lastKnownFileType = file.storyboard; path = "Launch Screen.storyboard"; sourceTree = "<group>"; };
		06573A072B5013E300E09AD8 /* StatBubbleView.swift */ = {isa = PBXFileReference; lastKnownFileType = sourcecode.swift; path = StatBubbleView.swift; sourceTree = "<group>"; };
		06573A092B50168500E09AD8 /* ProjectCardView.swift */ = {isa = PBXFileReference; lastKnownFileType = sourcecode.swift; path = ProjectCardView.swift; sourceTree = "<group>"; };
		067ACAA22B5151B700C29A5F /* EditProjectView.swift */ = {isa = PBXFileReference; lastKnownFileType = sourcecode.swift; path = EditProjectView.swift; sourceTree = "<group>"; };
		067ACAA52B51594600C29A5F /* ProjectDetailView.swift */ = {isa = PBXFileReference; lastKnownFileType = sourcecode.swift; path = ProjectDetailView.swift; sourceTree = "<group>"; };
		068B82602B52B597000530EE /* ProjectUpdateView.swift */ = {isa = PBXFileReference; lastKnownFileType = sourcecode.swift; path = ProjectUpdateView.swift; sourceTree = "<group>"; };
/* End PBXFileReference section */

/* Begin PBXFrameworksBuildPhase section */
		065739E72B4D7B2800E09AD8 /* Frameworks */ = {
			isa = PBXFrameworksBuildPhase;
			buildActionMask = 2147483647;
			files = (
			);
			runOnlyForDeploymentPostprocessing = 0;
		};
/* End PBXFrameworksBuildPhase section */

/* Begin PBXGroup section */
		065739E12B4D7B2800E09AD8 = {
			isa = PBXGroup;
			children = (
				06573A032B50094B00E09AD8 /* Launch Screen.storyboard */,
				065739EC2B4D7B2800E09AD8 /* db-project-tracker */,
				065739EB2B4D7B2800E09AD8 /* Products */,
			);
			sourceTree = "<group>";
		};
		065739EB2B4D7B2800E09AD8 /* Products */ = {
			isa = PBXGroup;
			children = (
				065739EA2B4D7B2800E09AD8 /* db-project-tracker.app */,
			);
			name = Products;
			sourceTree = "<group>";
		};
		065739EC2B4D7B2800E09AD8 /* db-project-tracker */ = {
			isa = PBXGroup;
			children = (
				067ACAA42B51593100C29A5F /* ProjectDetail */,
				06573A062B5013BE00E09AD8 /* ProjectList */,
				06573A002B4D7E6E00E09AD8 /* Helpers */,
				065739ED2B4D7B2800E09AD8 /* DBProjectTracker.swift */,
				065739EF2B4D7B2800E09AD8 /* ProjectListView.swift */,
				065739FB2B4D7B8600E09AD8 /* Models */,
				065739F12B4D7B3200E09AD8 /* Assets.xcassets */,
				065739F32B4D7B3200E09AD8 /* Preview Content */,
			);
			path = "db-project-tracker";
			sourceTree = "<group>";
		};
		065739F32B4D7B3200E09AD8 /* Preview Content */ = {
			isa = PBXGroup;
			children = (
				065739F42B4D7B3200E09AD8 /* Preview Assets.xcassets */,
			);
			path = "Preview Content";
			sourceTree = "<group>";
		};
		065739FB2B4D7B8600E09AD8 /* Models */ = {
			isa = PBXGroup;
			children = (
				065739FC2B4D7B9C00E09AD8 /* Project.swift */,
				065739FE2B4D7C0000E09AD8 /* ProjectUpdate.swift */,
			);
			path = Models;
			sourceTree = "<group>";
		};
		06573A002B4D7E6E00E09AD8 /* Helpers */ = {
			isa = PBXGroup;
			children = (
				06573A012B4D7E8A00E09AD8 /* FontHelper.swift */,
				061528D32B55961700833EA1 /* DateHelper.swift */,
			);
			path = Helpers;
			sourceTree = "<group>";
		};
		06573A062B5013BE00E09AD8 /* ProjectList */ = {
			isa = PBXGroup;
			children = (
				06573A072B5013E300E09AD8 /* StatBubbleView.swift */,
				06573A092B50168500E09AD8 /* ProjectCardView.swift */,
				067ACAA22B5151B700C29A5F /* EditProjectView.swift */,
			);
			path = ProjectList;
			sourceTree = "<group>";
		};
		067ACAA42B51593100C29A5F /* ProjectDetail */ = {
			isa = PBXGroup;
			children = (
				067ACAA52B51594600C29A5F /* ProjectDetailView.swift */,
				068B82602B52B597000530EE /* ProjectUpdateView.swift */,
				061528D12B558BA700833EA1 /* AddUpdateView.swift */,
				0621BC2D2B56DE80006FF7DB /* EditFocusView.swift */,
			);
			path = ProjectDetail;
			sourceTree = "<group>";
		};
/* End PBXGroup section */

/* Begin PBXNativeTarget section */
		065739E92B4D7B2800E09AD8 /* db-project-tracker */ = {
			isa = PBXNativeTarget;
			buildConfigurationList = 065739F82B4D7B3200E09AD8 /* Build configuration list for PBXNativeTarget "db-project-tracker" */;
			buildPhases = (
				065739E62B4D7B2800E09AD8 /* Sources */,
				065739E72B4D7B2800E09AD8 /* Frameworks */,
				065739E82B4D7B2800E09AD8 /* Resources */,
			);
			buildRules = (
			);
			dependencies = (
			);
			name = "db-project-tracker";
			productName = "db-project-tracker";
			productReference = 065739EA2B4D7B2800E09AD8 /* db-project-tracker.app */;
			productType = "com.apple.product-type.application";
		};
/* End PBXNativeTarget section */

/* Begin PBXProject section */
		065739E22B4D7B2800E09AD8 /* Project object */ = {
			isa = PBXProject;
			attributes = {
				BuildIndependentTargetsInParallel = 1;
				LastSwiftUpdateCheck = 1520;
				LastUpgradeCheck = 1520;
				TargetAttributes = {
					065739E92B4D7B2800E09AD8 = {
						CreatedOnToolsVersion = 15.2;
					};
				};
			};
			buildConfigurationList = 065739E52B4D7B2800E09AD8 /* Build configuration list for PBXProject "db-project-tracker" */;
			compatibilityVersion = "Xcode 14.0";
			developmentRegion = en;
			hasScannedForEncodings = 0;
			knownRegions = (
				en,
				Base,
			);
			mainGroup = 065739E12B4D7B2800E09AD8;
			productRefGroup = 065739EB2B4D7B2800E09AD8 /* Products */;
			projectDirPath = "";
			projectRoot = "";
			targets = (
				065739E92B4D7B2800E09AD8 /* db-project-tracker */,
			);
		};
/* End PBXProject section */

/* Begin PBXResourcesBuildPhase section */
		065739E82B4D7B2800E09AD8 /* Resources */ = {
			isa = PBXResourcesBuildPhase;
			buildActionMask = 2147483647;
			files = (
				06573A042B50094B00E09AD8 /* Launch Screen.storyboard in Resources */,
				065739F52B4D7B3200E09AD8 /* Preview Assets.xcassets in Resources */,
				065739F22B4D7B3200E09AD8 /* Assets.xcassets in Resources */,
			);
			runOnlyForDeploymentPostprocessing = 0;
		};
/* End PBXResourcesBuildPhase section */

/* Begin PBXSourcesBuildPhase section */
		065739E62B4D7B2800E09AD8 /* Sources */ = {
			isa = PBXSourcesBuildPhase;
			buildActionMask = 2147483647;
			files = (
				065739FF2B4D7C0000E09AD8 /* ProjectUpdate.swift in Sources */,
				06573A022B4D7E8A00E09AD8 /* FontHelper.swift in Sources */,
				0621BC2E2B56DE80006FF7DB /* EditFocusView.swift in Sources */,
				067ACAA62B51594600C29A5F /* ProjectDetailView.swift in Sources */,
				067ACAA32B5151B700C29A5F /* EditProjectView.swift in Sources */,
				065739F02B4D7B2800E09AD8 /* ProjectListView.swift in Sources */,
				065739EE2B4D7B2800E09AD8 /* DBProjectTracker.swift in Sources */,
				06573A082B5013E300E09AD8 /* StatBubbleView.swift in Sources */,
				068B82612B52B597000530EE /* ProjectUpdateView.swift in Sources */,
				06573A0A2B50168500E09AD8 /* ProjectCardView.swift in Sources */,
				061528D42B55961700833EA1 /* DateHelper.swift in Sources */,
				065739FD2B4D7B9C00E09AD8 /* Project.swift in Sources */,
				061528D22B558BA700833EA1 /* AddUpdateView.swift in Sources */,
			);
			runOnlyForDeploymentPostprocessing = 0;
		};
/* End PBXSourcesBuildPhase section */

/* Begin XCBuildConfiguration section */
		065739F62B4D7B3200E09AD8 /* Debug */ = {
			isa = XCBuildConfiguration;
			buildSettings = {
				ALWAYS_SEARCH_USER_PATHS = NO;
				ASSETCATALOG_COMPILER_GENERATE_SWIFT_ASSET_SYMBOL_EXTENSIONS = YES;
				CLANG_ANALYZER_NONNULL = YES;
				CLANG_ANALYZER_NUMBER_OBJECT_CONVERSION = YES_AGGRESSIVE;
				CLANG_CXX_LANGUAGE_STANDARD = "gnu++20";
				CLANG_ENABLE_MODULES = YES;
				CLANG_ENABLE_OBJC_ARC = YES;
				CLANG_ENABLE_OBJC_WEAK = YES;
				CLANG_WARN_BLOCK_CAPTURE_AUTORELEASING = YES;
				CLANG_WARN_BOOL_CONVERSION = YES;
				CLANG_WARN_COMMA = YES;
				CLANG_WARN_CONSTANT_CONVERSION = YES;
				CLANG_WARN_DEPRECATED_OBJC_IMPLEMENTATIONS = YES;
				CLANG_WARN_DIRECT_OBJC_ISA_USAGE = YES_ERROR;
				CLANG_WARN_DOCUMENTATION_COMMENTS = YES;
				CLANG_WARN_EMPTY_BODY = YES;
				CLANG_WARN_ENUM_CONVERSION = YES;
				CLANG_WARN_INFINITE_RECURSION = YES;
				CLANG_WARN_INT_CONVERSION = YES;
				CLANG_WARN_NON_LITERAL_NULL_CONVERSION = YES;
				CLANG_WARN_OBJC_IMPLICIT_RETAIN_SELF = YES;
				CLANG_WARN_OBJC_LITERAL_CONVERSION = YES;
				CLANG_WARN_OBJC_ROOT_CLASS = YES_ERROR;
				CLANG_WARN_QUOTED_INCLUDE_IN_FRAMEWORK_HEADER = YES;
				CLANG_WARN_RANGE_LOOP_ANALYSIS = YES;
				CLANG_WARN_STRICT_PROTOTYPES = YES;
				CLANG_WARN_SUSPICIOUS_MOVE = YES;
				CLANG_WARN_UNGUARDED_AVAILABILITY = YES_AGGRESSIVE;
				CLANG_WARN_UNREACHABLE_CODE = YES;
				CLANG_WARN__DUPLICATE_METHOD_MATCH = YES;
				COPY_PHASE_STRIP = NO;
				DEBUG_INFORMATION_FORMAT = dwarf;
				ENABLE_STRICT_OBJC_MSGSEND = YES;
				ENABLE_TESTABILITY = YES;
				ENABLE_USER_SCRIPT_SANDBOXING = YES;
				GCC_C_LANGUAGE_STANDARD = gnu17;
				GCC_DYNAMIC_NO_PIC = NO;
				GCC_NO_COMMON_BLOCKS = YES;
				GCC_OPTIMIZATION_LEVEL = 0;
				GCC_PREPROCESSOR_DEFINITIONS = (
					"DEBUG=1",
					"$(inherited)",
				);
				GCC_WARN_64_TO_32_BIT_CONVERSION = YES;
				GCC_WARN_ABOUT_RETURN_TYPE = YES_ERROR;
				GCC_WARN_UNDECLARED_SELECTOR = YES;
				GCC_WARN_UNINITIALIZED_AUTOS = YES_AGGRESSIVE;
				GCC_WARN_UNUSED_FUNCTION = YES;
				GCC_WARN_UNUSED_VARIABLE = YES;
				IPHONEOS_DEPLOYMENT_TARGET = 17.2;
				LOCALIZATION_PREFERS_STRING_CATALOGS = YES;
				MTL_ENABLE_DEBUG_INFO = INCLUDE_SOURCE;
				MTL_FAST_MATH = YES;
				ONLY_ACTIVE_ARCH = YES;
				SDKROOT = iphoneos;
				SWIFT_ACTIVE_COMPILATION_CONDITIONS = "DEBUG $(inherited)";
				SWIFT_OPTIMIZATION_LEVEL = "-Onone";
			};
			name = Debug;
		};
		065739F72B4D7B3200E09AD8 /* Release */ = {
			isa = XCBuildConfiguration;
			buildSettings = {
				ALWAYS_SEARCH_USER_PATHS = NO;
				ASSETCATALOG_COMPILER_GENERATE_SWIFT_ASSET_SYMBOL_EXTENSIONS = YES;
				CLANG_ANALYZER_NONNULL = YES;
				CLANG_ANALYZER_NUMBER_OBJECT_CONVERSION = YES_AGGRESSIVE;
				CLANG_CXX_LANGUAGE_STANDARD = "gnu++20";
				CLANG_ENABLE_MODULES = YES;
				CLANG_ENABLE_OBJC_ARC = YES;
				CLANG_ENABLE_OBJC_WEAK = YES;
				CLANG_WARN_BLOCK_CAPTURE_AUTORELEASING = YES;
				CLANG_WARN_BOOL_CONVERSION = YES;
				CLANG_WARN_COMMA = YES;
				CLANG_WARN_CONSTANT_CONVERSION = YES;
				CLANG_WARN_DEPRECATED_OBJC_IMPLEMENTATIONS = YES;
				CLANG_WARN_DIRECT_OBJC_ISA_USAGE = YES_ERROR;
				CLANG_WARN_DOCUMENTATION_COMMENTS = YES;
				CLANG_WARN_EMPTY_BODY = YES;
				CLANG_WARN_ENUM_CONVERSION = YES;
				CLANG_WARN_INFINITE_RECURSION = YES;
				CLANG_WARN_INT_CONVERSION = YES;
				CLANG_WARN_NON_LITERAL_NULL_CONVERSION = YES;
				CLANG_WARN_OBJC_IMPLICIT_RETAIN_SELF = YES;
				CLANG_WARN_OBJC_LITERAL_CONVERSION = YES;
				CLANG_WARN_OBJC_ROOT_CLASS = YES_ERROR;
				CLANG_WARN_QUOTED_INCLUDE_IN_FRAMEWORK_HEADER = YES;
				CLANG_WARN_RANGE_LOOP_ANALYSIS = YES;
				CLANG_WARN_STRICT_PROTOTYPES = YES;
				CLANG_WARN_SUSPICIOUS_MOVE = YES;
				CLANG_WARN_UNGUARDED_AVAILABILITY = YES_AGGRESSIVE;
				CLANG_WARN_UNREACHABLE_CODE = YES;
				CLANG_WARN__DUPLICATE_METHOD_MATCH = YES;
				COPY_PHASE_STRIP = NO;
				DEBUG_INFORMATION_FORMAT = "dwarf-with-dsym";
				ENABLE_NS_ASSERTIONS = NO;
				ENABLE_STRICT_OBJC_MSGSEND = YES;
				ENABLE_USER_SCRIPT_SANDBOXING = YES;
				GCC_C_LANGUAGE_STANDARD = gnu17;
				GCC_NO_COMMON_BLOCKS = YES;
				GCC_WARN_64_TO_32_BIT_CONVERSION = YES;
				GCC_WARN_ABOUT_RETURN_TYPE = YES_ERROR;
				GCC_WARN_UNDECLARED_SELECTOR = YES;
				GCC_WARN_UNINITIALIZED_AUTOS = YES_AGGRESSIVE;
				GCC_WARN_UNUSED_FUNCTION = YES;
				GCC_WARN_UNUSED_VARIABLE = YES;
				IPHONEOS_DEPLOYMENT_TARGET = 17.2;
				LOCALIZATION_PREFERS_STRING_CATALOGS = YES;
				MTL_ENABLE_DEBUG_INFO = NO;
				MTL_FAST_MATH = YES;
				SDKROOT = iphoneos;
				SWIFT_COMPILATION_MODE = wholemodule;
				VALIDATE_PRODUCT = YES;
			};
			name = Release;
		};
		065739F92B4D7B3200E09AD8 /* Debug */ = {
			isa = XCBuildConfiguration;
			buildSettings = {
				ASSETCATALOG_COMPILER_APPICON_NAME = AppIcon;
				ASSETCATALOG_COMPILER_GLOBAL_ACCENT_COLOR_NAME = AccentColor;
				ASSETCATALOG_COMPILER_INCLUDE_ALL_APPICON_ASSETS = NO;
				CODE_SIGN_STYLE = Automatic;
				CURRENT_PROJECT_VERSION = 1;
				DEVELOPMENT_ASSET_PATHS = "\"db-project-tracker/Preview Content\"";
				DEVELOPMENT_TEAM = BU7D27M3D7;
				ENABLE_PREVIEWS = YES;
				GENERATE_INFOPLIST_FILE = YES;
				INFOPLIST_FILE = "db-project-tracker/Info.plist";
				INFOPLIST_KEY_UIApplicationSceneManifest_Generation = YES;
				INFOPLIST_KEY_UIApplicationSupportsIndirectInputEvents = YES;
				INFOPLIST_KEY_UILaunchStoryboardName = "Launch Screen.storyboard";
				INFOPLIST_KEY_UISupportedInterfaceOrientations_iPad = "UIInterfaceOrientationPortrait UIInterfaceOrientationPortraitUpsideDown UIInterfaceOrientationLandscapeLeft UIInterfaceOrientationLandscapeRight";
				INFOPLIST_KEY_UISupportedInterfaceOrientations_iPhone = "UIInterfaceOrientationPortrait UIInterfaceOrientationLandscapeLeft UIInterfaceOrientationLandscapeRight";
				LD_RUNPATH_SEARCH_PATHS = (
					"$(inherited)",
					"@executable_path/Frameworks",
				);
				MARKETING_VERSION = 1.0;
				PRODUCT_BUNDLE_IDENTIFIER = "com.cagrisayir.db-project-tracker";
				PRODUCT_NAME = "$(TARGET_NAME)";
				SWIFT_EMIT_LOC_STRINGS = YES;
				SWIFT_VERSION = 5.0;
				TARGETED_DEVICE_FAMILY = "1,2";
			};
			name = Debug;
		};
		065739FA2B4D7B3200E09AD8 /* Release */ = {
			isa = XCBuildConfiguration;
			buildSettings = {
				ASSETCATALOG_COMPILER_APPICON_NAME = AppIcon;
				ASSETCATALOG_COMPILER_GLOBAL_ACCENT_COLOR_NAME = AccentColor;
				ASSETCATALOG_COMPILER_INCLUDE_ALL_APPICON_ASSETS = NO;
				CODE_SIGN_STYLE = Automatic;
				CURRENT_PROJECT_VERSION = 1;
				DEVELOPMENT_ASSET_PATHS = "\"db-project-tracker/Preview Content\"";
				DEVELOPMENT_TEAM = BU7D27M3D7;
				ENABLE_PREVIEWS = YES;
				GENERATE_INFOPLIST_FILE = YES;
				INFOPLIST_FILE = "db-project-tracker/Info.plist";
				INFOPLIST_KEY_UIApplicationSceneManifest_Generation = YES;
				INFOPLIST_KEY_UIApplicationSupportsIndirectInputEvents = YES;
				INFOPLIST_KEY_UILaunchStoryboardName = "Launch Screen.storyboard";
				INFOPLIST_KEY_UISupportedInterfaceOrientations_iPad = "UIInterfaceOrientationPortrait UIInterfaceOrientationPortraitUpsideDown UIInterfaceOrientationLandscapeLeft UIInterfaceOrientationLandscapeRight";
				INFOPLIST_KEY_UISupportedInterfaceOrientations_iPhone = "UIInterfaceOrientationPortrait UIInterfaceOrientationLandscapeLeft UIInterfaceOrientationLandscapeRight";
				LD_RUNPATH_SEARCH_PATHS = (
					"$(inherited)",
					"@executable_path/Frameworks",
				);
				MARKETING_VERSION = 1.0;
				PRODUCT_BUNDLE_IDENTIFIER = "com.cagrisayir.db-project-tracker";
				PRODUCT_NAME = "$(TARGET_NAME)";
				SWIFT_EMIT_LOC_STRINGS = YES;
				SWIFT_VERSION = 5.0;
				TARGETED_DEVICE_FAMILY = "1,2";
			};
			name = Release;
		};
/* End XCBuildConfiguration section */

/* Begin XCConfigurationList section */
		065739E52B4D7B2800E09AD8 /* Build configuration list for PBXProject "db-project-tracker" */ = {
			isa = XCConfigurationList;
			buildConfigurations = (
				065739F62B4D7B3200E09AD8 /* Debug */,
				065739F72B4D7B3200E09AD8 /* Release */,
			);
			defaultConfigurationIsVisible = 0;
			defaultConfigurationName = Release;
		};
		065739F82B4D7B3200E09AD8 /* Build configuration list for PBXNativeTarget "db-project-tracker" */ = {
			isa = XCConfigurationList;
			buildConfigurations = (
				065739F92B4D7B3200E09AD8 /* Debug */,
				065739FA2B4D7B3200E09AD8 /* Release */,
			);
			defaultConfigurationIsVisible = 0;
			defaultConfigurationName = Release;
		};
/* End XCConfigurationList section */
	};
	rootObject = 065739E22B4D7B2800E09AD8 /* Project object */;
}
